{
  "version": 4,
  "terraform_version": "1.10.0",
  "serial": 1091,
  "lineage": "c3ab8c01-34cc-eb57-cfbc-1d9a3d26bec0",
  "outputs": {},
  "resources": [
    {
      "module": "module.backend",
      "mode": "managed",
      "type": "aws_api_gateway_authorizer",
      "name": "movies_cognito_auth",
      "provider": "provider[\"registry.terraform.io/hashicorp/aws\"]",
      "instances": [
        {
          "schema_version": 0,
          "attributes": {
            "arn": "arn:aws:apigateway:eu-north-1::/restapis/vvjqfg7ro7/authorizers/1vpzmq",
            "authorizer_credentials": "",
            "authorizer_result_ttl_in_seconds": 300,
            "authorizer_uri": "",
            "id": "1vpzmq",
            "identity_source": "method.request.header.Authorization",
            "identity_validation_expression": "",
            "name": "MoviesCognitoAuthorizer",
            "provider_arns": [
              "arn:aws:cognito-idp:eu-north-1:588738567953:userpool/eu-north-1_pPbQbJwsO"
            ],
            "rest_api_id": "vvjqfg7ro7",
            "type": "COGNITO_USER_POOLS"
          },
          "sensitive_attributes": [],
          "private": "bnVsbA==",
          "dependencies": [
            "module.backend.aws_api_gateway_rest_api.movies_api",
            "module.backend.aws_cognito_user_pool.movies_user_pool"
          ]
        }
      ]
    },
    {
      "module": "module.backend",
      "mode": "managed",
      "type": "aws_api_gateway_deployment",
      "name": "movies_deployment",
      "provider": "provider[\"registry.terraform.io/hashicorp/aws\"]",
      "instances": [
        {
          "schema_version": 0,
          "attributes": {
            "canary_settings": [],
            "created_date": "2025-04-03T20:15:07Z",
            "description": "",
            "execution_arn": "arn:aws:execute-api:eu-north-1:588738567953:vvjqfg7ro7/prod",
            "id": "s7xzm8",
            "invoke_url": "https://vvjqfg7ro7.execute-api.eu-north-1.amazonaws.com/prod",
            "rest_api_id": "vvjqfg7ro7",
            "stage_description": null,
            "stage_name": "prod",
            "triggers": null,
            "variables": null
          },
          "sensitive_attributes": [],
          "private": "bnVsbA==",
          "dependencies": [
            "module.backend.aws_api_gateway_authorizer.movies_cognito_auth",
            "module.backend.aws_api_gateway_integration.delete_movies_integration",
            "module.backend.aws_api_gateway_integration.get_movies_integration",
            "module.backend.aws_api_gateway_integration.options_movies_id_integration",
            "module.backend.aws_api_gateway_integration.options_movies_integration",
            "module.backend.aws_api_gateway_integration.post_movies_integration",
            "module.backend.aws_api_gateway_integration.put_movies_integration",
            "module.backend.aws_api_gateway_integration_response.delete_movies_integration_response",
            "module.backend.aws_api_gateway_integration_response.get_movies_integration_response",
            "module.backend.aws_api_gateway_integration_response.options_movies_id_integration_response",
            "module.backend.aws_api_gateway_integration_response.options_movies_integration_response",
            "module.backend.aws_api_gateway_integration_response.post_movies_integration_response",
            "module.backend.aws_api_gateway_integration_response.put_movies_integration_response",
            "module.backend.aws_api_gateway_method.delete_movies_method",
            "module.backend.aws_api_gateway_method.get_movies_method",
            "module.backend.aws_api_gateway_method.options_movies_id_method",
            "module.backend.aws_api_gateway_method.options_movies_method",
            "module.backend.aws_api_gateway_method.post_movies_method",
            "module.backend.aws_api_gateway_method.put_movies_method",
            "module.backend.aws_api_gateway_resource.movies_id_resource",
            "module.backend.aws_api_gateway_resource.movies_resource",
            "module.backend.aws_api_gateway_rest_api.movies_api",
            "module.backend.aws_cognito_user_pool.movies_user_pool",
            "module.backend.aws_dynamodb_table.movies",
            "module.backend.aws_iam_role.lambda_exec",
            "module.backend.aws_lambda_function.movies_lambda"
          ]
        }
      ]
    },
    {
      "module": "module.backend",
      "mode": "managed",
      "type": "aws_api_gateway_integration",
      "name": "delete_movies_integration",
      "provider": "provider[\"registry.terraform.io/hashicorp/aws\"]",
      "instances": [
        {
          "schema_version": 0,
          "attributes": {
            "cache_key_parameters": [],
            "cache_namespace": "tx4wze",
            "connection_id": "",
            "connection_type": "INTERNET",
            "content_handling": "",
            "credentials": "",
            "http_method": "DELETE",
            "id": "agi-vvjqfg7ro7-tx4wze-DELETE",
            "integration_http_method": "DELETE",
            "passthrough_behavior": "WHEN_NO_MATCH",
            "request_parameters": {},
            "request_templates": {},
            "resource_id": "tx4wze",
            "rest_api_id": "vvjqfg7ro7",
            "timeout_milliseconds": 29000,
            "tls_config": [],
            "type": "AWS_PROXY",
            "uri": "arn:aws:apigateway:eu-north-1:lambda:path/2015-03-31/functions/arn:aws:lambda:eu-north-1:588738567953:function:MoviesFunction/invocations"
          },
          "sensitive_attributes": [],
          "private": "bnVsbA==",
          "dependencies": [
            "module.backend.aws_api_gateway_authorizer.movies_cognito_auth",
            "module.backend.aws_api_gateway_method.delete_movies_method",
            "module.backend.aws_api_gateway_resource.movies_id_resource",
            "module.backend.aws_api_gateway_resource.movies_resource",
            "module.backend.aws_api_gateway_rest_api.movies_api",
            "module.backend.aws_cognito_user_pool.movies_user_pool",
            "module.backend.aws_dynamodb_table.movies",
            "module.backend.aws_iam_role.lambda_exec",
            "module.backend.aws_lambda_function.movies_lambda"
          ]
        }
      ]
    },
    {
      "module": "module.backend",
      "mode": "managed",
      "type": "aws_api_gateway_integration",
      "name": "get_movies_integration",
      "provider": "provider[\"registry.terraform.io/hashicorp/aws\"]",
      "instances": [
        {
          "schema_version": 0,
          "attributes": {
            "cache_key_parameters": [],
            "cache_namespace": "b2harf",
            "connection_id": "",
            "connection_type": "INTERNET",
            "content_handling": "",
            "credentials": "",
            "http_method": "GET",
            "id": "agi-vvjqfg7ro7-b2harf-GET",
            "integration_http_method": "GET",
            "passthrough_behavior": "WHEN_NO_MATCH",
            "request_parameters": {},
            "request_templates": {},
            "resource_id": "b2harf",
            "rest_api_id": "vvjqfg7ro7",
            "timeout_milliseconds": 29000,
            "tls_config": [],
            "type": "AWS_PROXY",
            "uri": "arn:aws:apigateway:eu-north-1:lambda:path/2015-03-31/functions/arn:aws:lambda:eu-north-1:588738567953:function:MoviesFunction/invocations"
          },
          "sensitive_attributes": [],
          "private": "bnVsbA==",
          "dependencies": [
            "module.backend.aws_api_gateway_authorizer.movies_cognito_auth",
            "module.backend.aws_api_gateway_method.get_movies_method",
            "module.backend.aws_api_gateway_resource.movies_resource",
            "module.backend.aws_api_gateway_rest_api.movies_api",
            "module.backend.aws_cognito_user_pool.movies_user_pool",
            "module.backend.aws_dynamodb_table.movies",
            "module.backend.aws_iam_role.lambda_exec",
            "module.backend.aws_lambda_function.movies_lambda"
          ]
        }
      ]
    },
    {
      "module": "module.backend",
      "mode": "managed",
      "type": "aws_api_gateway_integration",
      "name": "options_movies_id_integration",
      "provider": "provider[\"registry.terraform.io/hashicorp/aws\"]",
      "instances": [
        {
          "schema_version": 0,
          "attributes": {
            "cache_key_parameters": null,
            "cache_namespace": "tx4wze",
            "connection_id": "",
            "connection_type": "INTERNET",
            "content_handling": "",
            "credentials": "",
            "http_method": "OPTIONS",
            "id": "agi-vvjqfg7ro7-tx4wze-OPTIONS",
            "integration_http_method": "",
            "passthrough_behavior": "WHEN_NO_MATCH",
            "request_parameters": null,
            "request_templates": {
              "application/json": "{ \"statusCode\": 200 }"
            },
            "resource_id": "tx4wze",
            "rest_api_id": "vvjqfg7ro7",
            "timeout_milliseconds": 29000,
            "tls_config": [],
            "type": "MOCK",
            "uri": ""
          },
          "sensitive_attributes": [],
          "private": "bnVsbA==",
          "dependencies": [
            "module.backend.aws_api_gateway_method.options_movies_id_method",
            "module.backend.aws_api_gateway_resource.movies_id_resource",
            "module.backend.aws_api_gateway_resource.movies_resource",
            "module.backend.aws_api_gateway_rest_api.movies_api"
          ]
        }
      ]
    },
    {
      "module": "module.backend",
      "mode": "managed",
      "type": "aws_api_gateway_integration",
      "name": "options_movies_integration",
      "provider": "provider[\"registry.terraform.io/hashicorp/aws\"]",
      "instances": [
        {
          "schema_version": 0,
          "attributes": {
            "cache_key_parameters": null,
            "cache_namespace": "b2harf",
            "connection_id": "",
            "connection_type": "INTERNET",
            "content_handling": "",
            "credentials": "",
            "http_method": "OPTIONS",
            "id": "agi-vvjqfg7ro7-b2harf-OPTIONS",
            "integration_http_method": "",
            "passthrough_behavior": "WHEN_NO_MATCH",
            "request_parameters": null,
            "request_templates": {
              "application/json": "{ \"statusCode\": 200 }"
            },
            "resource_id": "b2harf",
            "rest_api_id": "vvjqfg7ro7",
            "timeout_milliseconds": 29000,
            "tls_config": [],
            "type": "MOCK",
            "uri": ""
          },
          "sensitive_attributes": [],
          "private": "bnVsbA==",
          "dependencies": [
            "module.backend.aws_api_gateway_method.options_movies_method",
            "module.backend.aws_api_gateway_resource.movies_resource",
            "module.backend.aws_api_gateway_rest_api.movies_api"
          ]
        }
      ]
    },
    {
      "module": "module.backend",
      "mode": "managed",
      "type": "aws_api_gateway_integration",
      "name": "post_movies_integration",
      "provider": "provider[\"registry.terraform.io/hashicorp/aws\"]",
      "instances": [
        {
          "schema_version": 0,
          "attributes": {
            "cache_key_parameters": [],
            "cache_namespace": "b2harf",
            "connection_id": "",
            "connection_type": "INTERNET",
            "content_handling": "",
            "credentials": "",
            "http_method": "POST",
            "id": "agi-vvjqfg7ro7-b2harf-POST",
            "integration_http_method": "POST",
            "passthrough_behavior": "WHEN_NO_MATCH",
            "request_parameters": {},
            "request_templates": {},
            "resource_id": "b2harf",
            "rest_api_id": "vvjqfg7ro7",
            "timeout_milliseconds": 29000,
            "tls_config": [],
            "type": "AWS_PROXY",
            "uri": "arn:aws:apigateway:eu-north-1:lambda:path/2015-03-31/functions/arn:aws:lambda:eu-north-1:588738567953:function:MoviesFunction/invocations"
          },
          "sensitive_attributes": [],
          "private": "bnVsbA==",
          "dependencies": [
            "module.backend.aws_api_gateway_authorizer.movies_cognito_auth",
            "module.backend.aws_api_gateway_method.post_movies_method",
            "module.backend.aws_api_gateway_resource.movies_resource",
            "module.backend.aws_api_gateway_rest_api.movies_api",
            "module.backend.aws_cognito_user_pool.movies_user_pool",
            "module.backend.aws_dynamodb_table.movies",
            "module.backend.aws_iam_role.lambda_exec",
            "module.backend.aws_lambda_function.movies_lambda"
          ]
        }
      ]
    },
    {
      "module": "module.backend",
      "mode": "managed",
      "type": "aws_api_gateway_integration",
      "name": "put_movies_integration",
      "provider": "provider[\"registry.terraform.io/hashicorp/aws\"]",
      "instances": [
        {
          "schema_version": 0,
          "attributes": {
            "cache_key_parameters": [],
            "cache_namespace": "tx4wze",
            "connection_id": "",
            "connection_type": "INTERNET",
            "content_handling": "",
            "credentials": "",
            "http_method": "PUT",
            "id": "agi-vvjqfg7ro7-tx4wze-PUT",
            "integration_http_method": "PUT",
            "passthrough_behavior": "WHEN_NO_MATCH",
            "request_parameters": {},
            "request_templates": {},
            "resource_id": "tx4wze",
            "rest_api_id": "vvjqfg7ro7",
            "timeout_milliseconds": 29000,
            "tls_config": [],
            "type": "AWS_PROXY",
            "uri": "arn:aws:apigateway:eu-north-1:lambda:path/2015-03-31/functions/arn:aws:lambda:eu-north-1:588738567953:function:MoviesFunction/invocations"
          },
          "sensitive_attributes": [],
          "private": "bnVsbA==",
          "dependencies": [
            "module.backend.aws_api_gateway_authorizer.movies_cognito_auth",
            "module.backend.aws_api_gateway_method.put_movies_method",
            "module.backend.aws_api_gateway_resource.movies_id_resource",
            "module.backend.aws_api_gateway_resource.movies_resource",
            "module.backend.aws_api_gateway_rest_api.movies_api",
            "module.backend.aws_cognito_user_pool.movies_user_pool",
            "module.backend.aws_dynamodb_table.movies",
            "module.backend.aws_iam_role.lambda_exec",
            "module.backend.aws_lambda_function.movies_lambda"
          ]
        }
      ]
    },
    {
      "module": "module.backend",
      "mode": "managed",
      "type": "aws_api_gateway_integration_response",
      "name": "delete_movies_integration_response",
      "provider": "provider[\"registry.terraform.io/hashicorp/aws\"]",
      "instances": [
        {
          "schema_version": 0,
          "attributes": {
            "content_handling": "",
            "http_method": "DELETE",
            "id": "agir-vvjqfg7ro7-tx4wze-DELETE-200",
            "resource_id": "tx4wze",
            "response_parameters": {
              "method.response.header.Access-Control-Allow-Headers": "'Content-Type,X-Amz-Date,Authorization,X-Api-Key'",
              "method.response.header.Access-Control-Allow-Methods": "'OPTIONS,GET,POST,PUT,DELETE'",
              "method.response.header.Access-Control-Allow-Origin": "'*'"
            },
            "response_templates": {},
            "rest_api_id": "vvjqfg7ro7",
            "selection_pattern": "",
            "status_code": "200"
          },
          "sensitive_attributes": [],
          "private": "bnVsbA==",
          "dependencies": [
            "module.backend.aws_api_gateway_authorizer.movies_cognito_auth",
            "module.backend.aws_api_gateway_method.delete_movies_method",
            "module.backend.aws_api_gateway_resource.movies_id_resource",
            "module.backend.aws_api_gateway_resource.movies_resource",
            "module.backend.aws_api_gateway_rest_api.movies_api",
            "module.backend.aws_cognito_user_pool.movies_user_pool"
          ]
        }
      ]
    },
    {
      "module": "module.backend",
      "mode": "managed",
      "type": "aws_api_gateway_integration_response",
      "name": "get_movies_integration_response",
      "provider": "provider[\"registry.terraform.io/hashicorp/aws\"]",
      "instances": [
        {
          "schema_version": 0,
          "attributes": {
            "content_handling": "",
            "http_method": "GET",
            "id": "agir-vvjqfg7ro7-b2harf-GET-200",
            "resource_id": "b2harf",
            "response_parameters": {
              "method.response.header.Access-Control-Allow-Headers": "'Content-Type,X-Amz-Date,Authorization,X-Api-Key'",
              "method.response.header.Access-Control-Allow-Methods": "'OPTIONS,GET,POST,PUT,DELETE'",
              "method.response.header.Access-Control-Allow-Origin": "'*'"
            },
            "response_templates": {
              "application/json": ""
            },
            "rest_api_id": "vvjqfg7ro7",
            "selection_pattern": "",
            "status_code": "200"
          },
          "sensitive_attributes": [],
          "private": "bnVsbA==",
          "dependencies": [
            "module.backend.aws_api_gateway_authorizer.movies_cognito_auth",
            "module.backend.aws_api_gateway_method.get_movies_method",
            "module.backend.aws_api_gateway_resource.movies_resource",
            "module.backend.aws_api_gateway_rest_api.movies_api",
            "module.backend.aws_cognito_user_pool.movies_user_pool"
          ]
        }
      ]
    },
    {
      "module": "module.backend",
      "mode": "managed",
      "type": "aws_api_gateway_integration_response",
      "name": "options_movies_id_integration_response",
      "provider": "provider[\"registry.terraform.io/hashicorp/aws\"]",
      "instances": [
        {
          "schema_version": 0,
          "attributes": {
            "content_handling": "",
            "http_method": "OPTIONS",
            "id": "agir-vvjqfg7ro7-tx4wze-OPTIONS-200",
            "resource_id": "tx4wze",
            "response_parameters": {
              "method.response.header.Access-Control-Allow-Headers": "'Content-Type,X-Amz-Date,Authorization,X-Api-Key'",
              "method.response.header.Access-Control-Allow-Methods": "'OPTIONS,PUT,DELETE,POST'",
              "method.response.header.Access-Control-Allow-Origin": "'*'"
            },
            "response_templates": {
              "application/json": ""
            },
            "rest_api_id": "vvjqfg7ro7",
            "selection_pattern": "",
            "status_code": "200"
          },
          "sensitive_attributes": [],
          "private": "bnVsbA==",
          "dependencies": [
            "module.backend.aws_api_gateway_integration.options_movies_id_integration",
            "module.backend.aws_api_gateway_method.options_movies_id_method",
            "module.backend.aws_api_gateway_resource.movies_id_resource",
            "module.backend.aws_api_gateway_resource.movies_resource",
            "module.backend.aws_api_gateway_rest_api.movies_api"
          ]
        }
      ]
    },
    {
      "module": "module.backend",
      "mode": "managed",
      "type": "aws_api_gateway_integration_response",
      "name": "options_movies_integration_response",
      "provider": "provider[\"registry.terraform.io/hashicorp/aws\"]",
      "instances": [
        {
          "schema_version": 0,
          "attributes": {
            "content_handling": "",
            "http_method": "OPTIONS",
            "id": "agir-vvjqfg7ro7-b2harf-OPTIONS-200",
            "resource_id": "b2harf",
            "response_parameters": {
              "method.response.header.Access-Control-Allow-Headers": "'Content-Type,X-Amz-Date,Authorization,X-Api-Key'",
              "method.response.header.Access-Control-Allow-Methods": "'OPTIONS,GET,POST'",
              "method.response.header.Access-Control-Allow-Origin": "'*'"
            },
            "response_templates": {
              "application/json": ""
            },
            "rest_api_id": "vvjqfg7ro7",
            "selection_pattern": "",
            "status_code": "200"
          },
          "sensitive_attributes": [],
          "private": "bnVsbA==",
          "dependencies": [
            "module.backend.aws_api_gateway_integration.options_movies_integration",
            "module.backend.aws_api_gateway_method.options_movies_method",
            "module.backend.aws_api_gateway_resource.movies_resource",
            "module.backend.aws_api_gateway_rest_api.movies_api"
          ]
        }
      ]
    },
    {
      "module": "module.backend",
      "mode": "managed",
      "type": "aws_api_gateway_integration_response",
      "name": "post_movies_integration_response",
      "provider": "provider[\"registry.terraform.io/hashicorp/aws\"]",
      "instances": [
        {
          "schema_version": 0,
          "attributes": {
            "content_handling": "",
            "http_method": "POST",
            "id": "agir-vvjqfg7ro7-b2harf-POST-201",
            "resource_id": "b2harf",
            "response_parameters": {
              "method.response.header.Access-Control-Allow-Headers": "'Content-Type,X-Amz-Date,Authorization,X-Api-Key'",
              "method.response.header.Access-Control-Allow-Methods": "'OPTIONS,GET,POST,PUT,DELETE'",
              "method.response.header.Access-Control-Allow-Origin": "'*'"
            },
            "response_templates": {
              "application/json": ""
            },
            "rest_api_id": "vvjqfg7ro7",
            "selection_pattern": "",
            "status_code": "201"
          },
          "sensitive_attributes": [],
          "private": "bnVsbA==",
          "dependencies": [
            "module.backend.aws_api_gateway_authorizer.movies_cognito_auth",
            "module.backend.aws_api_gateway_method.post_movies_method",
            "module.backend.aws_api_gateway_resource.movies_resource",
            "module.backend.aws_api_gateway_rest_api.movies_api",
            "module.backend.aws_cognito_user_pool.movies_user_pool"
          ]
        }
      ]
    },
    {
      "module": "module.backend",
      "mode": "managed",
      "type": "aws_api_gateway_integration_response",
      "name": "put_movies_integration_response",
      "provider": "provider[\"registry.terraform.io/hashicorp/aws\"]",
      "instances": [
        {
          "schema_version": 0,
          "attributes": {
            "content_handling": "",
            "http_method": "PUT",
            "id": "agir-vvjqfg7ro7-tx4wze-PUT-200",
            "resource_id": "tx4wze",
            "response_parameters": {
              "method.response.header.Access-Control-Allow-Headers": "'Content-Type,X-Amz-Date,Authorization,X-Api-Key'",
              "method.response.header.Access-Control-Allow-Methods": "'OPTIONS,GET,POST,PUT,DELETE'",
              "method.response.header.Access-Control-Allow-Origin": "'*'"
            },
            "response_templates": {
              "application/json": ""
            },
            "rest_api_id": "vvjqfg7ro7",
            "selection_pattern": "",
            "status_code": "200"
          },
          "sensitive_attributes": [],
          "private": "bnVsbA==",
          "dependencies": [
            "module.backend.aws_api_gateway_authorizer.movies_cognito_auth",
            "module.backend.aws_api_gateway_method.put_movies_method",
            "module.backend.aws_api_gateway_resource.movies_id_resource",
            "module.backend.aws_api_gateway_resource.movies_resource",
            "module.backend.aws_api_gateway_rest_api.movies_api",
            "module.backend.aws_cognito_user_pool.movies_user_pool"
          ]
        }
      ]
    },
    {
      "module": "module.backend",
      "mode": "managed",
      "type": "aws_api_gateway_method",
      "name": "delete_movies_method",
      "provider": "provider[\"registry.terraform.io/hashicorp/aws\"]",
      "instances": [
        {
          "schema_version": 0,
          "attributes": {
            "api_key_required": false,
            "authorization": "COGNITO_USER_POOLS",
            "authorization_scopes": [],
            "authorizer_id": "1vpzmq",
            "http_method": "DELETE",
            "id": "agm-vvjqfg7ro7-tx4wze-DELETE",
            "operation_name": "",
            "request_models": {},
            "request_parameters": {},
            "request_validator_id": "",
            "resource_id": "tx4wze",
            "rest_api_id": "vvjqfg7ro7"
          },
          "sensitive_attributes": [],
          "private": "bnVsbA==",
          "dependencies": [
            "module.backend.aws_api_gateway_authorizer.movies_cognito_auth",
            "module.backend.aws_api_gateway_resource.movies_id_resource",
            "module.backend.aws_api_gateway_resource.movies_resource",
            "module.backend.aws_api_gateway_rest_api.movies_api",
            "module.backend.aws_cognito_user_pool.movies_user_pool"
          ]
        }
      ]
    },
    {
      "module": "module.backend",
      "mode": "managed",
      "type": "aws_api_gateway_method",
      "name": "get_movies_method",
      "provider": "provider[\"registry.terraform.io/hashicorp/aws\"]",
      "instances": [
        {
          "schema_version": 0,
          "attributes": {
            "api_key_required": false,
            "authorization": "COGNITO_USER_POOLS",
            "authorization_scopes": [],
            "authorizer_id": "1vpzmq",
            "http_method": "GET",
            "id": "agm-vvjqfg7ro7-b2harf-GET",
            "operation_name": "",
            "request_models": {},
            "request_parameters": {},
            "request_validator_id": "",
            "resource_id": "b2harf",
            "rest_api_id": "vvjqfg7ro7"
          },
          "sensitive_attributes": [],
          "private": "bnVsbA==",
          "dependencies": [
            "module.backend.aws_api_gateway_authorizer.movies_cognito_auth",
            "module.backend.aws_api_gateway_resource.movies_resource",
            "module.backend.aws_api_gateway_rest_api.movies_api",
            "module.backend.aws_cognito_user_pool.movies_user_pool"
          ]
        }
      ]
    },
    {
      "module": "module.backend",
      "mode": "managed",
      "type": "aws_api_gateway_method",
      "name": "options_movies_id_method",
      "provider": "provider[\"registry.terraform.io/hashicorp/aws\"]",
      "instances": [
        {
          "schema_version": 0,
          "attributes": {
            "api_key_required": false,
            "authorization": "NONE",
            "authorization_scopes": [],
            "authorizer_id": "",
            "http_method": "OPTIONS",
            "id": "agm-vvjqfg7ro7-tx4wze-OPTIONS",
            "operation_name": "",
            "request_models": {},
            "request_parameters": {},
            "request_validator_id": "",
            "resource_id": "tx4wze",
            "rest_api_id": "vvjqfg7ro7"
          },
          "sensitive_attributes": [],
          "private": "bnVsbA==",
          "dependencies": [
            "module.backend.aws_api_gateway_resource.movies_id_resource",
            "module.backend.aws_api_gateway_resource.movies_resource",
            "module.backend.aws_api_gateway_rest_api.movies_api"
          ]
        }
      ]
    },
    {
      "module": "module.backend",
      "mode": "managed",
      "type": "aws_api_gateway_method",
      "name": "options_movies_method",
      "provider": "provider[\"registry.terraform.io/hashicorp/aws\"]",
      "instances": [
        {
          "schema_version": 0,
          "attributes": {
            "api_key_required": false,
            "authorization": "NONE",
            "authorization_scopes": [],
            "authorizer_id": "",
            "http_method": "OPTIONS",
            "id": "agm-vvjqfg7ro7-b2harf-OPTIONS",
            "operation_name": "",
            "request_models": {},
            "request_parameters": {},
            "request_validator_id": "",
            "resource_id": "b2harf",
            "rest_api_id": "vvjqfg7ro7"
          },
          "sensitive_attributes": [],
          "private": "bnVsbA==",
          "dependencies": [
            "module.backend.aws_api_gateway_resource.movies_resource",
            "module.backend.aws_api_gateway_rest_api.movies_api"
          ]
        }
      ]
    },
    {
      "module": "module.backend",
      "mode": "managed",
      "type": "aws_api_gateway_method",
      "name": "post_movies_method",
      "provider": "provider[\"registry.terraform.io/hashicorp/aws\"]",
      "instances": [
        {
          "schema_version": 0,
          "attributes": {
            "api_key_required": false,
            "authorization": "COGNITO_USER_POOLS",
            "authorization_scopes": [],
            "authorizer_id": "1vpzmq",
            "http_method": "POST",
            "id": "agm-vvjqfg7ro7-b2harf-POST",
            "operation_name": "",
            "request_models": {},
            "request_parameters": {},
            "request_validator_id": "",
            "resource_id": "b2harf",
            "rest_api_id": "vvjqfg7ro7"
          },
          "sensitive_attributes": [],
          "private": "bnVsbA==",
          "dependencies": [
            "module.backend.aws_api_gateway_authorizer.movies_cognito_auth",
            "module.backend.aws_api_gateway_resource.movies_resource",
            "module.backend.aws_api_gateway_rest_api.movies_api",
            "module.backend.aws_cognito_user_pool.movies_user_pool"
          ]
        }
      ]
    },
    {
      "module": "module.backend",
      "mode": "managed",
      "type": "aws_api_gateway_method",
      "name": "put_movies_method",
      "provider": "provider[\"registry.terraform.io/hashicorp/aws\"]",
      "instances": [
        {
          "schema_version": 0,
          "attributes": {
            "api_key_required": false,
            "authorization": "COGNITO_USER_POOLS",
            "authorization_scopes": [],
            "authorizer_id": "1vpzmq",
            "http_method": "PUT",
            "id": "agm-vvjqfg7ro7-tx4wze-PUT",
            "operation_name": "",
            "request_models": {},
            "request_parameters": {},
            "request_validator_id": "",
            "resource_id": "tx4wze",
            "rest_api_id": "vvjqfg7ro7"
          },
          "sensitive_attributes": [],
          "private": "bnVsbA==",
          "dependencies": [
            "module.backend.aws_api_gateway_authorizer.movies_cognito_auth",
            "module.backend.aws_api_gateway_resource.movies_id_resource",
            "module.backend.aws_api_gateway_resource.movies_resource",
            "module.backend.aws_api_gateway_rest_api.movies_api",
            "module.backend.aws_cognito_user_pool.movies_user_pool"
          ]
        }
      ]
    },
    {
      "module": "module.backend",
      "mode": "managed",
      "type": "aws_api_gateway_method_response",
      "name": "delete_movies_response",
      "provider": "provider[\"registry.terraform.io/hashicorp/aws\"]",
      "instances": [
        {
          "schema_version": 0,
          "attributes": {
            "http_method": "DELETE",
            "id": "agmr-vvjqfg7ro7-tx4wze-DELETE-200",
            "resource_id": "tx4wze",
            "response_models": {},
            "response_parameters": {
              "method.response.header.Access-Control-Allow-Headers": true,
              "method.response.header.Access-Control-Allow-Methods": true,
              "method.response.header.Access-Control-Allow-Origin": true
            },
            "rest_api_id": "vvjqfg7ro7",
            "status_code": "200"
          },
          "sensitive_attributes": [],
          "private": "bnVsbA==",
          "dependencies": [
            "module.backend.aws_api_gateway_resource.movies_id_resource",
            "module.backend.aws_api_gateway_resource.movies_resource",
            "module.backend.aws_api_gateway_rest_api.movies_api"
          ]
        }
      ]
    },
    {
      "module": "module.backend",
      "mode": "managed",
      "type": "aws_api_gateway_method_response",
      "name": "get_movies_response",
      "provider": "provider[\"registry.terraform.io/hashicorp/aws\"]",
      "instances": [
        {
          "schema_version": 0,
          "attributes": {
            "http_method": "GET",
            "id": "agmr-vvjqfg7ro7-b2harf-GET-200",
            "resource_id": "b2harf",
            "response_models": {},
            "response_parameters": {
              "method.response.header.Access-Control-Allow-Headers": true,
              "method.response.header.Access-Control-Allow-Methods": true,
              "method.response.header.Access-Control-Allow-Origin": true
            },
            "rest_api_id": "vvjqfg7ro7",
            "status_code": "200"
          },
          "sensitive_attributes": [],
          "private": "bnVsbA==",
          "dependencies": [
            "module.backend.aws_api_gateway_resource.movies_resource",
            "module.backend.aws_api_gateway_rest_api.movies_api"
          ]
        }
      ]
    },
    {
      "module": "module.backend",
      "mode": "managed",
      "type": "aws_api_gateway_method_response",
      "name": "options_movies_id_response",
      "provider": "provider[\"registry.terraform.io/hashicorp/aws\"]",
      "instances": [
        {
          "schema_version": 0,
          "attributes": {
            "http_method": "OPTIONS",
            "id": "agmr-vvjqfg7ro7-tx4wze-OPTIONS-200",
            "resource_id": "tx4wze",
            "response_models": {},
            "response_parameters": {
              "method.response.header.Access-Control-Allow-Headers": true,
              "method.response.header.Access-Control-Allow-Methods": true,
              "method.response.header.Access-Control-Allow-Origin": true
            },
            "rest_api_id": "vvjqfg7ro7",
            "status_code": "200"
          },
          "sensitive_attributes": [],
          "private": "bnVsbA==",
          "dependencies": [
            "module.backend.aws_api_gateway_method.options_movies_id_method",
            "module.backend.aws_api_gateway_resource.movies_id_resource",
            "module.backend.aws_api_gateway_resource.movies_resource",
            "module.backend.aws_api_gateway_rest_api.movies_api"
          ]
        }
      ]
    },
    {
      "module": "module.backend",
      "mode": "managed",
      "type": "aws_api_gateway_method_response",
      "name": "options_movies_response",
      "provider": "provider[\"registry.terraform.io/hashicorp/aws\"]",
      "instances": [
        {
          "schema_version": 0,
          "attributes": {
            "http_method": "OPTIONS",
            "id": "agmr-vvjqfg7ro7-b2harf-OPTIONS-200",
            "resource_id": "b2harf",
            "response_models": {},
            "response_parameters": {
              "method.response.header.Access-Control-Allow-Headers": true,
              "method.response.header.Access-Control-Allow-Methods": true,
              "method.response.header.Access-Control-Allow-Origin": true
            },
            "rest_api_id": "vvjqfg7ro7",
            "status_code": "200"
          },
          "sensitive_attributes": [],
          "private": "bnVsbA==",
          "dependencies": [
            "module.backend.aws_api_gateway_resource.movies_resource",
            "module.backend.aws_api_gateway_rest_api.movies_api"
          ]
        }
      ]
    },
    {
      "module": "module.backend",
      "mode": "managed",
      "type": "aws_api_gateway_method_response",
      "name": "post_movies_response",
      "provider": "provider[\"registry.terraform.io/hashicorp/aws\"]",
      "instances": [
        {
          "schema_version": 0,
          "attributes": {
            "http_method": "POST",
            "id": "agmr-vvjqfg7ro7-b2harf-POST-201",
            "resource_id": "b2harf",
            "response_models": {},
            "response_parameters": {
              "method.response.header.Access-Control-Allow-Headers": true,
              "method.response.header.Access-Control-Allow-Methods": true,
              "method.response.header.Access-Control-Allow-Origin": true
            },
            "rest_api_id": "vvjqfg7ro7",
            "status_code": "201"
          },
          "sensitive_attributes": [],
          "private": "bnVsbA==",
          "dependencies": [
            "module.backend.aws_api_gateway_resource.movies_resource",
            "module.backend.aws_api_gateway_rest_api.movies_api"
          ]
        }
      ]
    },
    {
      "module": "module.backend",
      "mode": "managed",
      "type": "aws_api_gateway_method_response",
      "name": "put_movies_response",
      "provider": "provider[\"registry.terraform.io/hashicorp/aws\"]",
      "instances": [
        {
          "schema_version": 0,
          "attributes": {
            "http_method": "PUT",
            "id": "agmr-vvjqfg7ro7-tx4wze-PUT-200",
            "resource_id": "tx4wze",
            "response_models": {},
            "response_parameters": {
              "method.response.header.Access-Control-Allow-Headers": true,
              "method.response.header.Access-Control-Allow-Methods": true,
              "method.response.header.Access-Control-Allow-Origin": true
            },
            "rest_api_id": "vvjqfg7ro7",
            "status_code": "200"
          },
          "sensitive_attributes": [],
          "private": "bnVsbA==",
          "dependencies": [
            "module.backend.aws_api_gateway_resource.movies_id_resource",
            "module.backend.aws_api_gateway_resource.movies_resource",
            "module.backend.aws_api_gateway_rest_api.movies_api"
          ]
        }
      ]
    },
    {
      "module": "module.backend",
      "mode": "managed",
      "type": "aws_api_gateway_resource",
      "name": "movies_id_resource",
      "provider": "provider[\"registry.terraform.io/hashicorp/aws\"]",
      "instances": [
        {
          "schema_version": 0,
          "attributes": {
            "id": "tx4wze",
            "parent_id": "b2harf",
            "path": "/movies/{movieId}",
            "path_part": "{movieId}",
            "rest_api_id": "vvjqfg7ro7"
          },
          "sensitive_attributes": [],
          "private": "bnVsbA==",
          "dependencies": [
            "module.backend.aws_api_gateway_resource.movies_resource",
            "module.backend.aws_api_gateway_rest_api.movies_api"
          ]
        }
      ]
    },
    {
      "module": "module.backend",
      "mode": "managed",
      "type": "aws_api_gateway_resource",
      "name": "movies_resource",
      "provider": "provider[\"registry.terraform.io/hashicorp/aws\"]",
      "instances": [
        {
          "schema_version": 0,
          "attributes": {
            "id": "b2harf",
            "parent_id": "9odeblnts6",
            "path": "/movies",
            "path_part": "movies",
            "rest_api_id": "vvjqfg7ro7"
          },
          "sensitive_attributes": [],
          "private": "bnVsbA==",
          "dependencies": [
            "module.backend.aws_api_gateway_rest_api.movies_api"
          ]
        }
      ]
    },
    {
      "module": "module.backend",
      "mode": "managed",
      "type": "aws_api_gateway_rest_api",
      "name": "movies_api",
      "provider": "provider[\"registry.terraform.io/hashicorp/aws\"]",
      "instances": [
        {
          "schema_version": 0,
          "attributes": {
            "api_key_source": "HEADER",
            "arn": "arn:aws:apigateway:eu-north-1::/restapis/vvjqfg7ro7",
            "binary_media_types": [],
            "body": null,
            "created_date": "2025-04-03T19:28:03Z",
            "description": "API for managing movies",
            "disable_execute_api_endpoint": false,
            "endpoint_configuration": [
              {
                "types": [
                  "EDGE"
                ],
                "vpc_endpoint_ids": []
              }
            ],
            "execution_arn": "arn:aws:execute-api:eu-north-1:588738567953:vvjqfg7ro7",
            "fail_on_warnings": null,
            "id": "vvjqfg7ro7",
            "minimum_compression_size": "",
            "name": "MoviesAPI",
            "parameters": null,
            "policy": "",
            "put_rest_api_mode": null,
            "root_resource_id": "9odeblnts6",
            "tags": {},
            "tags_all": {}
          },
          "sensitive_attributes": [],
          "private": "bnVsbA=="
        }
      ]
    },
    {
      "module": "module.backend",
      "mode": "managed",
      "type": "aws_api_gateway_stage",
      "name": "prod_stage",
      "provider": "provider[\"registry.terraform.io/hashicorp/aws\"]",
      "instances": [
        {
          "schema_version": 0,
          "attributes": {
            "access_log_settings": [
              {
                "destination_arn": "arn:aws:logs:eu-north-1:588738567953:log-group:/aws/apigateway/movies-app",
                "format": "{\"caller\":\"$context.identity.caller\",\"httpMethod\":\"$context.httpMethod\",\"protocol\":\"$context.protocol\",\"requestId\":\"$context.requestId\",\"requestTime\":\"$context.requestTime\",\"resourcePath\":\"$context.resourcePath\",\"responseLength\":\"$context.responseLength\",\"status\":\"$context.status\",\"user\":\"$context.identity.user\"}"
              }
            ],
            "arn": "arn:aws:apigateway:eu-north-1::/restapis/vvjqfg7ro7/stages/prod",
            "cache_cluster_enabled": false,
            "cache_cluster_size": "",
            "canary_settings": [],
            "client_certificate_id": "",
            "deployment_id": "s7xzm8",
            "description": "Production Stage",
            "documentation_version": "",
            "execution_arn": "arn:aws:execute-api:eu-north-1:588738567953:vvjqfg7ro7/prod",
            "id": "ags-vvjqfg7ro7-prod",
            "invoke_url": "https://vvjqfg7ro7.execute-api.eu-north-1.amazonaws.com/prod",
            "rest_api_id": "vvjqfg7ro7",
            "stage_name": "prod",
            "tags": {},
            "tags_all": {},
            "variables": {},
            "web_acl_arn": "",
            "xray_tracing_enabled": false
          },
          "sensitive_attributes": [],
          "private": "bnVsbA==",
          "dependencies": [
            "module.backend.aws_api_gateway_authorizer.movies_cognito_auth",
            "module.backend.aws_api_gateway_deployment.movies_deployment",
            "module.backend.aws_api_gateway_integration.delete_movies_integration",
            "module.backend.aws_api_gateway_integration.get_movies_integration",
            "module.backend.aws_api_gateway_integration.options_movies_id_integration",
            "module.backend.aws_api_gateway_integration.options_movies_integration",
            "module.backend.aws_api_gateway_integration.post_movies_integration",
            "module.backend.aws_api_gateway_integration.put_movies_integration",
            "module.backend.aws_api_gateway_integration_response.delete_movies_integration_response",
            "module.backend.aws_api_gateway_integration_response.get_movies_integration_response",
            "module.backend.aws_api_gateway_integration_response.options_movies_id_integration_response",
            "module.backend.aws_api_gateway_integration_response.options_movies_integration_response",
            "module.backend.aws_api_gateway_integration_response.post_movies_integration_response",
            "module.backend.aws_api_gateway_integration_response.put_movies_integration_response",
            "module.backend.aws_api_gateway_method.delete_movies_method",
            "module.backend.aws_api_gateway_method.get_movies_method",
            "module.backend.aws_api_gateway_method.options_movies_id_method",
            "module.backend.aws_api_gateway_method.options_movies_method",
            "module.backend.aws_api_gateway_method.post_movies_method",
            "module.backend.aws_api_gateway_method.put_movies_method",
            "module.backend.aws_api_gateway_resource.movies_id_resource",
            "module.backend.aws_api_gateway_resource.movies_resource",
            "module.backend.aws_api_gateway_rest_api.movies_api",
            "module.backend.aws_cloudwatch_log_group.apigateway_logs",
            "module.backend.aws_cognito_user_pool.movies_user_pool",
            "module.backend.aws_dynamodb_table.movies",
            "module.backend.aws_iam_role.lambda_exec",
            "module.backend.aws_lambda_function.movies_lambda"
          ]
        }
      ]
    },
    {
      "module": "module.backend",
      "mode": "managed",
      "type": "aws_cloudwatch_log_group",
      "name": "apigateway_logs",
      "provider": "provider[\"registry.terraform.io/hashicorp/aws\"]",
      "instances": [
        {
          "schema_version": 0,
          "attributes": {
            "arn": "arn:aws:logs:eu-north-1:588738567953:log-group:/aws/apigateway/movies-app",
            "id": "/aws/apigateway/movies-app",
            "kms_key_id": "",
            "log_group_class": "STANDARD",
            "name": "/aws/apigateway/movies-app",
            "name_prefix": "",
            "retention_in_days": 7,
            "skip_destroy": false,
            "tags": {},
            "tags_all": {}
          },
          "sensitive_attributes": [],
          "private": "bnVsbA=="
        }
      ]
    },
    {
      "module": "module.backend",
      "mode": "managed",
      "type": "aws_cognito_identity_pool",
      "name": "movies_identity_pool",
      "provider": "provider[\"registry.terraform.io/hashicorp/aws\"]",
      "instances": [
        {
          "schema_version": 0,
          "attributes": {
            "allow_classic_flow": false,
            "allow_unauthenticated_identities": false,
            "arn": "arn:aws:cognito-identity:eu-north-1:588738567953:identitypool/eu-north-1:1daafb5d-703e-40e3-a9f9-fd111fa8ea16",
            "cognito_identity_providers": [
              {
                "client_id": "7sq8sktng8q4m183ns444u3ojc",
                "provider_name": "cognito-idp.eu-north-1.amazonaws.com/eu-north-1_pPbQbJwsO",
                "server_side_token_check": false
              }
            ],
            "developer_provider_name": "",
            "id": "eu-north-1:1daafb5d-703e-40e3-a9f9-fd111fa8ea16",
            "identity_pool_name": "movies-identity-pool",
            "openid_connect_provider_arns": [],
            "saml_provider_arns": [],
            "supported_login_providers": {},
            "tags": {},
            "tags_all": {}
          },
          "sensitive_attributes": [],
          "private": "bnVsbA==",
          "dependencies": [
            "module.backend.aws_cognito_user_pool.movies_user_pool",
            "module.backend.aws_cognito_user_pool_client.movies_user_pool_client"
          ]
        }
      ]
    },
    {
      "module": "module.backend",
      "mode": "managed",
      "type": "aws_cognito_user_pool",
      "name": "movies_user_pool",
      "provider": "provider[\"registry.terraform.io/hashicorp/aws\"]",
      "instances": [
        {
          "schema_version": 0,
          "attributes": {
            "account_recovery_setting": [
              {
                "recovery_mechanism": [
                  {
                    "name": "verified_email",
                    "priority": 1
                  },
                  {
                    "name": "verified_phone_number",
                    "priority": 2
                  }
                ]
              }
            ],
            "admin_create_user_config": [
              {
                "allow_admin_create_user_only": false,
                "invite_message_template": []
              }
            ],
            "alias_attributes": null,
            "arn": "arn:aws:cognito-idp:eu-north-1:588738567953:userpool/eu-north-1_pPbQbJwsO",
            "auto_verified_attributes": [
              "email"
            ],
            "creation_date": "2025-04-03T19:28:04Z",
            "custom_domain": "",
            "deletion_protection": "INACTIVE",
            "device_configuration": [],
            "domain": "movies-auth-log",
            "email_configuration": [
              {
                "configuration_set": "",
                "email_sending_account": "COGNITO_DEFAULT",
                "from_email_address": "",
                "reply_to_email_address": "",
                "source_arn": ""
              }
            ],
            "email_mfa_configuration": [],
            "email_verification_message": "",
            "email_verification_subject": "",
            "endpoint": "cognito-idp.eu-north-1.amazonaws.com/eu-north-1_pPbQbJwsO",
            "estimated_number_of_users": 1,
            "id": "eu-north-1_pPbQbJwsO",
            "lambda_config": [],
            "last_modified_date": "2025-04-03T19:28:04Z",
            "mfa_configuration": "OFF",
            "name": "movies-user-pool",
            "password_policy": [
              {
                "minimum_length": 8,
                "password_history_size": 0,
                "require_lowercase": false,
                "require_numbers": true,
                "require_symbols": true,
                "require_uppercase": true,
                "temporary_password_validity_days": 7
              }
            ],
            "schema": [
              {
                "attribute_data_type": "String",
                "developer_only_attribute": false,
                "mutable": false,
                "name": "email",
                "number_attribute_constraints": [],
                "required": true,
                "string_attribute_constraints": []
              }
            ],
            "sign_in_policy": [
              {
                "allowed_first_auth_factors": [
                  "PASSWORD"
                ]
              }
            ],
            "sms_authentication_message": "",
            "sms_configuration": [],
            "sms_verification_message": "",
            "software_token_mfa_configuration": [],
            "tags": {},
            "tags_all": {},
            "user_attribute_update_settings": [],
            "user_pool_add_ons": [],
            "user_pool_tier": "ESSENTIALS",
            "username_attributes": [
              "email"
            ],
            "username_configuration": [],
            "verification_message_template": [
              {
                "default_email_option": "CONFIRM_WITH_LINK",
                "email_message": "",
                "email_message_by_link": "",
                "email_subject": "",
                "email_subject_by_link": "",
                "sms_message": ""
              }
            ],
            "web_authn_configuration": []
          },
          "sensitive_attributes": [],
          "private": "bnVsbA=="
        }
      ]
    },
    {
      "module": "module.backend",
      "mode": "managed",
      "type": "aws_cognito_user_pool_client",
      "name": "movies_user_pool_client",
      "provider": "provider[\"registry.terraform.io/hashicorp/aws\"]",
      "instances": [
        {
          "schema_version": 0,
          "attributes": {
            "access_token_validity": 1,
            "allowed_oauth_flows": [
              "code"
            ],
            "allowed_oauth_flows_user_pool_client": true,
            "allowed_oauth_scopes": [
              "email",
              "openid",
              "profile"
            ],
            "analytics_configuration": [],
            "auth_session_validity": 3,
            "callback_urls": [
              "http://localhost:3000",
              "https://d2o37u6vz3ge6c.cloudfront.net"
            ],
            "client_secret": "",
            "default_redirect_uri": "",
            "enable_propagate_additional_user_context_data": false,
            "enable_token_revocation": true,
            "explicit_auth_flows": [
              "ALLOW_REFRESH_TOKEN_AUTH",
              "ALLOW_USER_SRP_AUTH"
            ],
            "generate_secret": false,
            "id": "7sq8sktng8q4m183ns444u3ojc",
            "id_token_validity": 1,
            "logout_urls": [
              "http://localhost:3000"
            ],
            "name": "movies-user-pool-client",
            "prevent_user_existence_errors": "",
            "read_attributes": [],
            "refresh_token_validity": 30,
            "supported_identity_providers": [
              "COGNITO"
            ],
            "token_validity_units": [
              {
                "access_token": "hours",
                "id_token": "hours",
                "refresh_token": "days"
              }
            ],
            "user_pool_id": "eu-north-1_pPbQbJwsO",
            "write_attributes": []
          },
          "sensitive_attributes": [
            [
              {
                "type": "get_attr",
                "value": "client_secret"
              }
            ]
          ],
          "dependencies": [
            "module.backend.aws_cognito_user_pool.movies_user_pool"
          ]
        }
      ]
    },
    {
      "module": "module.backend",
      "mode": "managed",
      "type": "aws_cognito_user_pool_domain",
      "name": "movies_cognito_domain",
      "provider": "provider[\"registry.terraform.io/hashicorp/aws\"]",
      "instances": [
        {
          "schema_version": 0,
          "attributes": {
            "aws_account_id": "588738567953",
            "certificate_arn": "",
            "cloudfront_distribution": "d28r1p267zi0bu.cloudfront.net",
            "cloudfront_distribution_arn": "d28r1p267zi0bu.cloudfront.net",
            "cloudfront_distribution_zone_id": "Z2FDTNDATAQYW2",
            "domain": "movies-auth-log",
            "id": "movies-auth-log",
            "s3_bucket": "aws-cognito-prod-arn-assets",
            "user_pool_id": "eu-north-1_pPbQbJwsO",
            "version": "20250403192804"
          },
          "sensitive_attributes": [],
          "private": "bnVsbA==",
          "dependencies": [
            "module.backend.aws_cognito_user_pool.movies_user_pool"
          ]
        }
      ]
    },
    {
      "module": "module.backend",
      "mode": "managed",
      "type": "aws_dynamodb_table",
      "name": "movies",
      "provider": "provider[\"registry.terraform.io/hashicorp/aws\"]",
      "instances": [
        {
          "schema_version": 1,
          "attributes": {
            "arn": "arn:aws:dynamodb:eu-north-1:588738567953:table/MoviesTable",
            "attribute": [
              {
                "name": "movieId",
                "type": "S"
              }
            ],
            "billing_mode": "PAY_PER_REQUEST",
            "deletion_protection_enabled": false,
            "global_secondary_index": [],
            "hash_key": "movieId",
            "id": "MoviesTable",
            "import_table": [],
            "local_secondary_index": [],
            "name": "MoviesTable",
            "on_demand_throughput": [],
            "point_in_time_recovery": [
              {
                "enabled": false
              }
            ],
            "range_key": null,
            "read_capacity": 0,
            "replica": [],
            "restore_date_time": null,
            "restore_source_name": null,
            "restore_source_table_arn": null,
            "restore_to_latest_time": null,
            "server_side_encryption": [],
            "stream_arn": "",
            "stream_enabled": false,
            "stream_label": "",
            "stream_view_type": "",
            "table_class": "STANDARD",
            "tags": {},
            "tags_all": {},
            "timeouts": null,
            "ttl": [
              {
                "attribute_name": "",
                "enabled": false
              }
            ],
            "write_capacity": 0
          },
          "sensitive_attributes": [],
          "private": "eyJlMmJmYjczMC1lY2FhLTExZTYtOGY4OC0zNDM2M2JjN2M0YzAiOnsiY3JlYXRlIjoxODAwMDAwMDAwMDAwLCJkZWxldGUiOjYwMDAwMDAwMDAwMCwidXBkYXRlIjozNjAwMDAwMDAwMDAwfSwic2NoZW1hX3ZlcnNpb24iOiIxIn0="
        }
      ]
    },
    {
      "module": "module.backend",
      "mode": "managed",
      "type": "aws_iam_role",
      "name": "lambda_exec",
      "provider": "provider[\"registry.terraform.io/hashicorp/aws\"]",
      "instances": [
        {
          "schema_version": 0,
          "attributes": {
            "arn": "arn:aws:iam::588738567953:role/lambda_exec_role",
            "assume_role_policy": "{\"Statement\":[{\"Action\":\"sts:AssumeRole\",\"Effect\":\"Allow\",\"Principal\":{\"Service\":\"lambda.amazonaws.com\"}}],\"Version\":\"2012-10-17\"}",
            "create_date": "2025-04-03T20:08:06Z",
            "description": "",
            "force_detach_policies": false,
            "id": "lambda_exec_role",
            "inline_policy": [],
            "managed_policy_arns": [
              "arn:aws:iam::aws:policy/AmazonDynamoDBFullAccess",
              "arn:aws:iam::aws:policy/service-role/AWSLambdaBasicExecutionRole"
            ],
            "max_session_duration": 3600,
            "name": "lambda_exec_role",
            "name_prefix": "",
            "path": "/",
            "permissions_boundary": "",
            "tags": {},
            "tags_all": {},
            "unique_id": "AROAYSE4NT4I2X67XD3SL"
          },
          "sensitive_attributes": [],
          "private": "bnVsbA=="
        }
      ]
    },
    {
      "module": "module.backend",
      "mode": "managed",
      "type": "aws_iam_role_policy_attachment",
      "name": "lambda_cloudwatch_logs",
      "provider": "provider[\"registry.terraform.io/hashicorp/aws\"]",
      "instances": [
        {
          "schema_version": 0,
          "attributes": {
            "id": "lambda_exec_role-20250403200807243200000002",
            "policy_arn": "arn:aws:iam::aws:policy/service-role/AWSLambdaBasicExecutionRole",
            "role": "lambda_exec_role"
          },
          "sensitive_attributes": [],
          "private": "bnVsbA==",
          "dependencies": [
            "module.backend.aws_iam_role.lambda_exec"
          ]
        }
      ]
    },
    {
      "module": "module.backend",
      "mode": "managed",
      "type": "aws_iam_role_policy_attachment",
      "name": "lambda_dynamodb_policy",
      "provider": "provider[\"registry.terraform.io/hashicorp/aws\"]",
      "instances": [
        {
          "schema_version": 0,
          "attributes": {
            "id": "lambda_exec_role-20250403200807053000000001",
            "policy_arn": "arn:aws:iam::aws:policy/AmazonDynamoDBFullAccess",
            "role": "lambda_exec_role"
          },
          "sensitive_attributes": [],
          "private": "bnVsbA==",
          "dependencies": [
            "module.backend.aws_iam_role.lambda_exec"
          ]
        }
      ]
    },
    {
      "module": "module.backend",
      "mode": "managed",
      "type": "aws_lambda_function",
      "name": "movies_lambda",
      "provider": "provider[\"registry.terraform.io/hashicorp/aws\"]",
      "instances": [
        {
          "schema_version": 0,
          "attributes": {
            "architectures": [
              "x86_64"
            ],
            "arn": "arn:aws:lambda:eu-north-1:588738567953:function:MoviesFunction",
            "code_sha256": "WYK+zViHJTSwMhng1PQ9g0CpY1S6Jmpv6hp6iaT8Kpk=",
            "code_signing_config_arn": "",
            "dead_letter_config": [],
            "description": "",
            "environment": [
              {
                "variables": {
                  "DYNAMODB_TABLE": "MoviesTable"
                }
              }
            ],
            "ephemeral_storage": [
              {
                "size": 512
              }
            ],
            "file_system_config": [],
            "filename": "lambda/lambda.zip",
            "function_name": "MoviesFunction",
            "handler": "lambda_function.lambda_handler",
            "id": "MoviesFunction",
            "image_config": [],
            "image_uri": "",
            "invoke_arn": "arn:aws:apigateway:eu-north-1:lambda:path/2015-03-31/functions/arn:aws:lambda:eu-north-1:588738567953:function:MoviesFunction/invocations",
            "kms_key_arn": "",
            "last_modified": "2025-04-07T19:41:30.000+0000",
            "layers": [],
            "logging_config": [
              {
                "application_log_level": "",
                "log_format": "Text",
                "log_group": "/aws/lambda/MoviesFunction",
                "system_log_level": ""
              }
            ],
            "memory_size": 128,
            "package_type": "Zip",
            "publish": false,
            "qualified_arn": "arn:aws:lambda:eu-north-1:588738567953:function:MoviesFunction:$LATEST",
            "qualified_invoke_arn": "arn:aws:apigateway:eu-north-1:lambda:path/2015-03-31/functions/arn:aws:lambda:eu-north-1:588738567953:function:MoviesFunction:$LATEST/invocations",
            "replace_security_groups_on_destroy": null,
            "replacement_security_group_ids": null,
            "reserved_concurrent_executions": -1,
            "role": "arn:aws:iam::588738567953:role/lambda_exec_role",
            "runtime": "python3.10",
            "s3_bucket": null,
            "s3_key": null,
            "s3_object_version": null,
            "signing_job_arn": "",
            "signing_profile_version_arn": "",
            "skip_destroy": false,
            "snap_start": [],
            "source_code_hash": "",
            "source_code_size": 1507,
            "tags": {},
            "tags_all": {},
            "timeout": 3,
            "timeouts": null,
            "tracing_config": [
              {
                "mode": "PassThrough"
              }
            ],
            "version": "$LATEST",
            "vpc_config": []
          },
          "sensitive_attributes": [],
          "private": "eyJlMmJmYjczMC1lY2FhLTExZTYtOGY4OC0zNDM2M2JjN2M0YzAiOnsiY3JlYXRlIjo2MDAwMDAwMDAwMDAsImRlbGV0ZSI6NjAwMDAwMDAwMDAwLCJ1cGRhdGUiOjYwMDAwMDAwMDAwMH19",
          "dependencies": [
            "module.backend.aws_dynamodb_table.movies",
            "module.backend.aws_iam_role.lambda_exec"
          ]
        }
      ]
    },
    {
      "module": "module.backend",
      "mode": "managed",
      "type": "aws_lambda_permission",
      "name": "api_gateway_delete_permission",
      "provider": "provider[\"registry.terraform.io/hashicorp/aws\"]",
      "instances": [
        {
          "schema_version": 0,
          "attributes": {
            "action": "lambda:InvokeFunction",
            "event_source_token": null,
            "function_name": "MoviesFunction",
            "function_url_auth_type": null,
            "id": "AllowAPIGatewayDeleteInvoke",
            "principal": "apigateway.amazonaws.com",
            "principal_org_id": null,
            "qualifier": "",
            "source_account": null,
            "source_arn": "arn:aws:execute-api:eu-north-1:588738567953:vvjqfg7ro7/*/DELETE/movies/*",
            "statement_id": "AllowAPIGatewayDeleteInvoke",
            "statement_id_prefix": ""
          },
          "sensitive_attributes": [],
          "private": "bnVsbA==",
          "dependencies": [
            "module.backend.aws_api_gateway_rest_api.movies_api",
            "module.backend.aws_dynamodb_table.movies",
            "module.backend.aws_iam_role.lambda_exec",
            "module.backend.aws_lambda_function.movies_lambda"
          ]
        }
      ]
    },
    {
      "module": "module.backend",
      "mode": "managed",
      "type": "aws_lambda_permission",
      "name": "api_gateway_get_permission",
      "provider": "provider[\"registry.terraform.io/hashicorp/aws\"]",
      "instances": [
        {
          "schema_version": 0,
          "attributes": {
            "action": "lambda:InvokeFunction",
            "event_source_token": null,
            "function_name": "MoviesFunction",
            "function_url_auth_type": null,
            "id": "AllowAPIGatewayGetInvoke",
            "principal": "apigateway.amazonaws.com",
            "principal_org_id": null,
            "qualifier": "",
            "source_account": null,
            "source_arn": "arn:aws:execute-api:eu-north-1:588738567953:vvjqfg7ro7/*",
            "statement_id": "AllowAPIGatewayGetInvoke",
            "statement_id_prefix": ""
          },
          "sensitive_attributes": [],
          "private": "bnVsbA==",
          "dependencies": [
            "module.backend.aws_api_gateway_rest_api.movies_api",
            "module.backend.aws_dynamodb_table.movies",
            "module.backend.aws_iam_role.lambda_exec",
            "module.backend.aws_lambda_function.movies_lambda"
          ]
        }
      ]
    },
    {
      "module": "module.backend",
      "mode": "managed",
      "type": "aws_lambda_permission",
      "name": "api_gateway_permission",
      "provider": "provider[\"registry.terraform.io/hashicorp/aws\"]",
      "instances": [
        {
          "schema_version": 0,
          "attributes": {
            "action": "lambda:InvokeFunction",
            "event_source_token": null,
            "function_name": "MoviesFunction",
            "function_url_auth_type": null,
            "id": "AllowAPIGatewayInvoke",
            "principal": "apigateway.amazonaws.com",
            "principal_org_id": null,
            "qualifier": "",
            "source_account": null,
            "source_arn": "arn:aws:execute-api:eu-north-1:588738567953:vvjqfg7ro7/*",
            "statement_id": "AllowAPIGatewayInvoke",
            "statement_id_prefix": ""
          },
          "sensitive_attributes": [],
          "private": "bnVsbA==",
          "dependencies": [
            "module.backend.aws_api_gateway_rest_api.movies_api",
            "module.backend.aws_dynamodb_table.movies",
            "module.backend.aws_iam_role.lambda_exec",
            "module.backend.aws_lambda_function.movies_lambda"
          ]
        }
      ]
    },
    {
      "module": "module.backend",
      "mode": "managed",
      "type": "aws_lambda_permission",
      "name": "api_gateway_post_permission",
      "provider": "provider[\"registry.terraform.io/hashicorp/aws\"]",
      "instances": [
        {
          "schema_version": 0,
          "attributes": {
            "action": "lambda:InvokeFunction",
            "event_source_token": null,
            "function_name": "MoviesFunction",
            "function_url_auth_type": null,
            "id": "AllowAPIGatewayPostInvoke",
            "principal": "apigateway.amazonaws.com",
            "principal_org_id": null,
            "qualifier": "",
            "source_account": null,
            "source_arn": "arn:aws:execute-api:eu-north-1:588738567953:vvjqfg7ro7/*",
            "statement_id": "AllowAPIGatewayPostInvoke",
            "statement_id_prefix": ""
          },
          "sensitive_attributes": [],
          "private": "bnVsbA==",
          "dependencies": [
            "module.backend.aws_api_gateway_rest_api.movies_api",
            "module.backend.aws_dynamodb_table.movies",
            "module.backend.aws_iam_role.lambda_exec",
            "module.backend.aws_lambda_function.movies_lambda"
          ]
        }
      ]
    },
    {
      "module": "module.backend",
      "mode": "managed",
      "type": "aws_lambda_permission",
      "name": "api_gateway_put_permission",
      "provider": "provider[\"registry.terraform.io/hashicorp/aws\"]",
      "instances": [
        {
          "schema_version": 0,
          "attributes": {
            "action": "lambda:InvokeFunction",
            "event_source_token": null,
            "function_name": "MoviesFunction",
            "function_url_auth_type": null,
            "id": "AllowAPIGatewayPutInvoke",
            "principal": "apigateway.amazonaws.com",
            "principal_org_id": null,
            "qualifier": "",
            "source_account": null,
            "source_arn": "arn:aws:execute-api:eu-north-1:588738567953:vvjqfg7ro7/*/PUT/movies/*",
            "statement_id": "AllowAPIGatewayPutInvoke",
            "statement_id_prefix": ""
          },
          "sensitive_attributes": [],
          "private": "bnVsbA==",
          "dependencies": [
            "module.backend.aws_api_gateway_rest_api.movies_api",
            "module.backend.aws_dynamodb_table.movies",
            "module.backend.aws_iam_role.lambda_exec",
            "module.backend.aws_lambda_function.movies_lambda"
          ]
        }
      ]
    },
    {
      "module": "module.frontend",
      "mode": "data",
      "type": "aws_caller_identity",
      "name": "current",
      "provider": "provider[\"registry.terraform.io/hashicorp/aws\"]",
      "instances": [
        {
          "schema_version": 0,
          "attributes": {
            "account_id": "588738567953",
            "arn": "arn:aws:sts::588738567953:assumed-role/AWSReservedSSO_AWSAdministratorAccess_0f72796c2d687ccd/tsedey.feleke@redeploy.com",
            "id": "588738567953",
            "user_id": "AROAYSE4NT4I7N2Z6OSZ2:tsedey.feleke@redeploy.com"
          },
          "sensitive_attributes": []
        }
      ]
    },
    {
      "module": "module.frontend",
      "mode": "managed",
      "type": "aws_acm_certificate",
      "name": "frontend",
      "provider": "module.frontend.provider[\"registry.terraform.io/hashicorp/aws\"].us_east_1",
      "instances": [
        {
          "schema_version": 0,
          "attributes": {
            "arn": "arn:aws:acm:us-east-1:588738567953:certificate/f0699349-1557-4446-b4e0-6829c20e9d76",
            "certificate_authority_arn": "",
            "certificate_body": null,
            "certificate_chain": null,
            "domain_name": "tsedey.mytestdomain.io",
            "domain_validation_options": [
              {
                "domain_name": "tsedey.mytestdomain.io",
                "resource_record_name": "_23818063d448a674ad7810aaf17601cc.tsedey.mytestdomain.io.",
                "resource_record_type": "CNAME",
                "resource_record_value": "_4e6114e213c577eb98908404e5e961f8.xlfgrmvvlj.acm-validations.aws."
              }
            ],
            "early_renewal_duration": "",
            "id": "arn:aws:acm:us-east-1:588738567953:certificate/f0699349-1557-4446-b4e0-6829c20e9d76",
            "key_algorithm": "RSA_2048",
            "not_after": "2026-05-03T23:59:59Z",
            "not_before": "2025-04-04T00:00:00Z",
            "options": [
              {
                "certificate_transparency_logging_preference": "ENABLED"
              }
            ],
            "pending_renewal": false,
            "private_key": null,
            "renewal_eligibility": "ELIGIBLE",
            "renewal_summary": [],
            "status": "ISSUED",
            "subject_alternative_names": [
              "tsedey.mytestdomain.io"
            ],
            "tags": {},
            "tags_all": {},
            "type": "AMAZON_ISSUED",
            "validation_emails": [],
            "validation_method": "DNS",
            "validation_option": []
          },
          "sensitive_attributes": [
            [
              {
                "type": "get_attr",
                "value": "private_key"
              }
            ]
          ],
          "private": "bnVsbA=="
        }
      ]
    },
    {
      "module": "module.frontend",
      "mode": "managed",
      "type": "aws_cloudfront_distribution",
      "name": "frontend",
      "provider": "provider[\"registry.terraform.io/hashicorp/aws\"]",
      "instances": [
        {
          "schema_version": 1,
          "attributes": {
            "aliases": [],
            "arn": "arn:aws:cloudfront::588738567953:distribution/E24FVSC40PSCB8",
            "caller_reference": "terraform-20250404143129180700000001",
            "comment": null,
            "continuous_deployment_policy_id": "",
            "custom_error_response": [],
            "default_cache_behavior": [
              {
                "allowed_methods": [
                  "GET",
                  "HEAD",
                  "OPTIONS"
                ],
                "cache_policy_id": "CachingDisabled",
                "cached_methods": [
                  "GET",
                  "HEAD"
                ],
                "compress": true,
                "default_ttl": 0,
                "field_level_encryption_id": "",
                "forwarded_values": [],
                "function_association": [],
                "grpc_config": [
                  {
                    "enabled": false
                  }
                ],
                "lambda_function_association": [],
                "max_ttl": 0,
                "min_ttl": 0,
                "origin_request_policy_id": "AllViewerExceptHostHeader",
                "realtime_log_config_arn": "",
                "response_headers_policy_id": "CORS-With-Preflight",
                "smooth_streaming": false,
                "target_origin_id": "S3-movie-app-frontend",
                "trusted_key_groups": [],
                "trusted_signers": [],
                "viewer_protocol_policy": "redirect-to-https"
              }
            ],
            "default_root_object": "index.html",
            "domain_name": "d2o37u6vz3ge6c.cloudfront.net",
            "enabled": true,
            "etag": "EXAGJ4VMDRMXG",
            "hosted_zone_id": "Z2FDTNDATAQYW2",
            "http_version": "http2",
            "id": "E24FVSC40PSCB8",
            "in_progress_validation_batches": 0,
            "is_ipv6_enabled": false,
            "last_modified_time": "2025-04-08 07:35:28.468 +0000 UTC",
            "logging_config": [],
            "ordered_cache_behavior": [],
            "origin": [
              {
                "connection_attempts": 3,
                "connection_timeout": 10,
                "custom_header": [],
                "custom_origin_config": [],
                "domain_name": "movie-app-projekt-tsedey.s3.eu-north-1.amazonaws.com",
                "origin_access_control_id": "E37QFLETXH0CY5",
                "origin_id": "S3-movie-app-frontend",
                "origin_path": "",
                "origin_shield": [],
                "s3_origin_config": [],
                "vpc_origin_config": []
              }
            ],
            "origin_group": [],
            "price_class": "PriceClass_100",
            "restrictions": [
              {
                "geo_restriction": [
                  {
                    "locations": [],
                    "restriction_type": "none"
                  }
                ]
              }
            ],
            "retain_on_delete": false,
            "staging": false,
            "status": "Deployed",
            "tags": {},
            "tags_all": {},
            "trusted_key_groups": [
              {
                "enabled": false,
                "items": []
              }
            ],
            "trusted_signers": [
              {
                "enabled": false,
                "items": []
              }
            ],
            "viewer_certificate": [
              {
                "acm_certificate_arn": "arn:aws:acm:us-east-1:588738567953:certificate/f0699349-1557-4446-b4e0-6829c20e9d76",
                "cloudfront_default_certificate": false,
                "iam_certificate_id": "",
                "minimum_protocol_version": "TLSv1.2_2021",
                "ssl_support_method": "sni-only"
              }
            ],
            "wait_for_deployment": true,
            "web_acl_id": ""
          },
          "sensitive_attributes": [],
          "private": "eyJzY2hlbWFfdmVyc2lvbiI6IjEifQ==",
          "dependencies": [
            "module.frontend.aws_acm_certificate.frontend",
            "module.frontend.aws_cloudfront_origin_access_control.frontend_oac",
            "module.frontend.aws_s3_bucket.frontend"
          ]
        }
      ]
    },
    {
      "module": "module.frontend",
      "mode": "managed",
      "type": "aws_cloudfront_origin_access_control",
      "name": "frontend_oac",
      "provider": "provider[\"registry.terraform.io/hashicorp/aws\"]",
      "instances": [
        {
          "schema_version": 0,
          "attributes": {
            "arn": "arn:aws:cloudfront::588738567953:origin-access-control/E37QFLETXH0CY5",
            "description": "OAC for S3 frontend bucket",
            "etag": "ETVPDKIKX0DER",
            "id": "E37QFLETXH0CY5",
            "name": "FrontendOAC",
            "origin_access_control_origin_type": "s3",
            "signing_behavior": "always",
            "signing_protocol": "sigv4"
          },
          "sensitive_attributes": [],
          "private": "bnVsbA=="
        }
      ]
    },
    {
      "module": "module.frontend",
      "mode": "managed",
      "type": "aws_route53_record",
      "name": "frontend",
      "provider": "provider[\"registry.terraform.io/hashicorp/aws\"]",
      "instances": [
        {
          "schema_version": 2,
          "attributes": {
            "alias": [
              {
                "evaluate_target_health": true,
                "name": "d2o37u6vz3ge6c.cloudfront.net",
                "zone_id": "Z2FDTNDATAQYW2"
              }
            ],
            "allow_overwrite": null,
            "cidr_routing_policy": [],
            "failover_routing_policy": [],
            "fqdn": "tsedey.mytestdomain.io",
            "geolocation_routing_policy": [],
            "geoproximity_routing_policy": [],
            "health_check_id": "",
            "id": "Z09217081I7Y8I53ZZFA3_tsedey.mytestdomain.io_A",
            "latency_routing_policy": [],
            "multivalue_answer_routing_policy": false,
            "name": "tsedey.mytestdomain.io",
            "records": [],
            "set_identifier": "",
            "timeouts": null,
            "ttl": 0,
            "type": "A",
            "weighted_routing_policy": [],
            "zone_id": "Z09217081I7Y8I53ZZFA3"
          },
          "sensitive_attributes": [],
          "private": "eyJlMmJmYjczMC1lY2FhLTExZTYtOGY4OC0zNDM2M2JjN2M0YzAiOnsiY3JlYXRlIjoxODAwMDAwMDAwMDAwLCJkZWxldGUiOjE4MDAwMDAwMDAwMDAsInVwZGF0ZSI6MTgwMDAwMDAwMDAwMH0sInNjaGVtYV92ZXJzaW9uIjoiMiJ9",
          "dependencies": [
            "module.frontend.aws_acm_certificate.frontend",
            "module.frontend.aws_cloudfront_distribution.frontend",
            "module.frontend.aws_cloudfront_origin_access_control.frontend_oac",
            "module.frontend.aws_s3_bucket.frontend"
          ]
        }
      ]
    },
    {
      "module": "module.frontend",
      "mode": "managed",
      "type": "aws_route53_record",
      "name": "frontend_validation",
      "provider": "provider[\"registry.terraform.io/hashicorp/aws\"]",
      "instances": [
        {
          "index_key": "_23818063d448a674ad7810aaf17601cc.tsedey.mytestdomain.io.",
          "schema_version": 2,
          "attributes": {
            "alias": [],
            "allow_overwrite": null,
            "cidr_routing_policy": [],
            "failover_routing_policy": [],
            "fqdn": "_23818063d448a674ad7810aaf17601cc.tsedey.mytestdomain.io",
            "geolocation_routing_policy": [],
            "geoproximity_routing_policy": [],
            "health_check_id": "",
            "id": "Z09217081I7Y8I53ZZFA3__23818063d448a674ad7810aaf17601cc.tsedey.mytestdomain.io._CNAME",
            "latency_routing_policy": [],
            "multivalue_answer_routing_policy": false,
            "name": "_23818063d448a674ad7810aaf17601cc.tsedey.mytestdomain.io",
            "records": [
              "_4e6114e213c577eb98908404e5e961f8.xlfgrmvvlj.acm-validations.aws."
            ],
            "set_identifier": "",
            "timeouts": null,
            "ttl": 60,
            "type": "CNAME",
            "weighted_routing_policy": [],
            "zone_id": "Z09217081I7Y8I53ZZFA3"
          },
          "sensitive_attributes": [],
          "private": "eyJlMmJmYjczMC1lY2FhLTExZTYtOGY4OC0zNDM2M2JjN2M0YzAiOnsiY3JlYXRlIjoxODAwMDAwMDAwMDAwLCJkZWxldGUiOjE4MDAwMDAwMDAwMDAsInVwZGF0ZSI6MTgwMDAwMDAwMDAwMH0sInNjaGVtYV92ZXJzaW9uIjoiMiJ9",
          "dependencies": [
            "module.frontend.aws_acm_certificate.frontend"
          ]
        }
      ]
    },
    {
      "module": "module.frontend",
      "mode": "managed",
      "type": "aws_s3_bucket",
      "name": "frontend",
      "provider": "provider[\"registry.terraform.io/hashicorp/aws\"]",
      "instances": [
        {
          "schema_version": 0,
          "attributes": {
            "acceleration_status": "",
            "acl": "private",
            "arn": "arn:aws:s3:::movie-app-projekt-tsedey",
            "bucket": "movie-app-projekt-tsedey",
            "bucket_domain_name": "movie-app-projekt-tsedey.s3.amazonaws.com",
            "bucket_prefix": "",
            "bucket_regional_domain_name": "movie-app-projekt-tsedey.s3.eu-north-1.amazonaws.com",
            "cors_rule": [],
            "force_destroy": false,
            "grant": [
              {
                "id": "86b24e313135c1aaf064b86abd27f1385f7b2d589df1147704dbf5f0a42a67f3",
                "permissions": [
                  "FULL_CONTROL"
                ],
                "type": "CanonicalUser",
                "uri": ""
              }
            ],
            "hosted_zone_id": "Z3BAZG2TWCNX0D",
            "id": "movie-app-projekt-tsedey",
            "lifecycle_rule": [],
            "logging": [],
            "object_lock_configuration": [],
            "object_lock_enabled": false,
            "policy": "{\"Statement\":[{\"Action\":\"s3:GetObject\",\"Condition\":{\"StringEquals\":{\"AWS:SourceArn\":\"arn:aws:cloudfront::588738567953:distribution/E24FVSC40PSCB8\"}},\"Effect\":\"Allow\",\"Principal\":{\"Service\":\"cloudfront.amazonaws.com\"},\"Resource\":\"arn:aws:s3:::movie-app-projekt-tsedey/*\",\"Sid\":\"AllowCloudFrontAccess\"}],\"Version\":\"2012-10-17\"}",
            "region": "eu-north-1",
            "replication_configuration": [],
            "request_payer": "BucketOwner",
            "server_side_encryption_configuration": [
              {
                "rule": [
                  {
                    "apply_server_side_encryption_by_default": [
                      {
                        "kms_master_key_id": "",
                        "sse_algorithm": "AES256"
                      }
                    ],
                    "bucket_key_enabled": false
                  }
                ]
              }
            ],
            "tags": {},
            "tags_all": {},
            "timeouts": null,
            "versioning": [
              {
                "enabled": false,
                "mfa_delete": false
              }
            ],
            "website": [],
            "website_domain": null,
            "website_endpoint": null
          },
          "sensitive_attributes": [],
          "private": "eyJlMmJmYjczMC1lY2FhLTExZTYtOGY4OC0zNDM2M2JjN2M0YzAiOnsiY3JlYXRlIjoxMjAwMDAwMDAwMDAwLCJkZWxldGUiOjM2MDAwMDAwMDAwMDAsInJlYWQiOjEyMDAwMDAwMDAwMDAsInVwZGF0ZSI6MTIwMDAwMDAwMDAwMH19"
        }
      ]
    },
    {
      "module": "module.frontend",
      "mode": "managed",
      "type": "aws_s3_bucket_policy",
      "name": "frontend",
      "provider": "provider[\"registry.terraform.io/hashicorp/aws\"]",
      "instances": [
        {
          "schema_version": 0,
          "attributes": {
            "bucket": "movie-app-projekt-tsedey",
            "id": "movie-app-projekt-tsedey",
            "policy": "{\"Statement\":[{\"Action\":\"s3:GetObject\",\"Condition\":{\"StringEquals\":{\"AWS:SourceArn\":\"arn:aws:cloudfront::588738567953:distribution/E24FVSC40PSCB8\"}},\"Effect\":\"Allow\",\"Principal\":{\"Service\":\"cloudfront.amazonaws.com\"},\"Resource\":\"arn:aws:s3:::movie-app-projekt-tsedey/*\",\"Sid\":\"AllowCloudFrontAccess\"}],\"Version\":\"2012-10-17\"}"
          },
          "sensitive_attributes": [],
          "private": "bnVsbA==",
          "dependencies": [
            "module.frontend.aws_acm_certificate.frontend",
            "module.frontend.aws_cloudfront_distribution.frontend",
            "module.frontend.aws_cloudfront_origin_access_control.frontend_oac",
            "module.frontend.aws_s3_bucket.frontend",
            "module.frontend.data.aws_caller_identity.current"
          ]
        }
      ]
    },
    {
      "module": "module.frontend",
      "mode": "managed",
      "type": "aws_s3_bucket_public_access_block",
      "name": "frontend",
      "provider": "provider[\"registry.terraform.io/hashicorp/aws\"]",
      "instances": [
        {
          "schema_version": 0,
          "attributes": {
            "block_public_acls": true,
            "block_public_policy": false,
            "bucket": "movie-app-projekt-tsedey",
            "id": "movie-app-projekt-tsedey",
            "ignore_public_acls": true,
            "restrict_public_buckets": false
          },
          "sensitive_attributes": [],
          "private": "bnVsbA==",
          "dependencies": [
            "module.frontend.aws_s3_bucket.frontend"
          ]
        }
      ]
    }
  ],
  "check_results": null
}
